
Microsoft Visual Studio Solution File, Format Version 12.00
# Visual Studio Version 17
VisualStudioVersion = 17.11.35327.3
MinimumVisualStudioVersion = 10.0.40219.1
Project("{151D2E53-A2C4-4D7D-83FE-D05416EBD58E}") = "AzureResourceGroupTP1", "AzureResourceGroupTP1.deployproj", "{C89B63AB-153F-4514-8ED8-99CB0B6C390D}"
EndProject
Global
	GlobalSection(SolutionConfigurationPlatforms) = preSolution
		Debug|Any CPU = Debug|Any CPU
		Release|Any CPU = Release|Any CPU
	EndGlobalSection
	GlobalSection(ProjectConfigurationPlatforms) = postSolution
		{C89B63AB-153F-4514-8ED8-99CB0B6C390D}.Debug|Any CPU.ActiveCfg = Debug|Any CPU
		{C89B63AB-153F-4514-8ED8-99CB0B6C390D}.Debug|Any CPU.Build.0 = Debug|Any CPU
		{C89B63AB-153F-4514-8ED8-99CB0B6C390D}.Release|Any CPU.ActiveCfg = Release|Any CPU
		{C89B63AB-153F-4514-8ED8-99CB0B6C390D}.Release|Any CPU.Build.0 = Release|Any CPU
	EndGlobalSection
	GlobalSection(SolutionProperties) = preSolution
		HideSolutionNode = FALSE
	EndGlobalSection
	GlobalSection(ExtensibilityGlobals) = postSolution
		SolutionGuid = {D0C79AE5-5C3A-4965-AF0F-370FEB8A5FE3}
	EndGlobalSection
EndGlobal
